{
  "name": "es6_basics",
  "version": "1.0.0",
  "lockfileVersion": 3,
  "requires": true,
  "main": "index.js",
  "type": "module",
  "packages": {
    "": {
      "name": "es6_basics",
      "version": "1.0.0",
      "license": "ISC"
    }
  },
  "scripts": {
    "dev": "node 0-main.js",
    "test": "echo \"Error: no test specified\" && exit 1"
  }
}
